
Microsoft Visual Studio Solution File, Format Version 12.00
# Visual Studio Version 16
VisualStudioVersion = 16.0.31911.196
MinimumVisualStudioVersion = 10.0.40219.1
Project("{FAE04EC0-301F-11D3-BF4B-00C04F79EFBC}") = "FizzBuzzMVC.Web", "FizzBuzzMVC.Web\FizzBuzzMVC.Web.csproj", "{D0DF1DD7-E41D-4442-9177-E600C5E50F31}"
EndProject
Global
	GlobalSection(SolutionConfigurationPlatforms) = preSolution
		Debug|Any CPU = Debug|Any CPU
		Release|Any CPU = Release|Any CPU
	EndGlobalSection
	GlobalSection(ProjectConfigurationPlatforms) = postSolution
		{D0DF1DD7-E41D-4442-9177-E600C5E50F31}.Debug|Any CPU.ActiveCfg = Debug|Any CPU
		{D0DF1DD7-E41D-4442-9177-E600C5E50F31}.Debug|Any CPU.Build.0 = Debug|Any CPU
		{D0DF1DD7-E41D-4442-9177-E600C5E50F31}.Release|Any CPU.ActiveCfg = Release|Any CPU
		{D0DF1DD7-E41D-4442-9177-E600C5E50F31}.Release|Any CPU.Build.0 = Release|Any CPU
	EndGlobalSection
	GlobalSection(SolutionProperties) = preSolution
		HideSolutionNode = FALSE
	EndGlobalSection
	GlobalSection(ExtensibilityGlobals) = postSolution
		SolutionGuid = {80C49363-4452-4FB3-AFE0-463B478B9B2C}
	EndGlobalSection
EndGlobal
